
Microsoft Visual Studio Solution File, Format Version 12.00
# Visual Studio Version 17
VisualStudioVersion = 17.6.33712.159
MinimumVisualStudioVersion = 10.0.40219.1
Project("{FAE04EC0-301F-11D3-BF4B-00C04F79EFBC}") = "UsingException-UserRegistrationProblem", "UsingException-UserRegistrationProblem.csproj", "{11BEA917-D9CB-4C19-9AC3-7D7E21CC03CD}"
EndProject
Global
	GlobalSection(SolutionConfigurationPlatforms) = preSolution
		Debug|Any CPU = Debug|Any CPU
		Release|Any CPU = Release|Any CPU
	EndGlobalSection
	GlobalSection(ProjectConfigurationPlatforms) = postSolution
		{11BEA917-D9CB-4C19-9AC3-7D7E21CC03CD}.Debug|Any CPU.ActiveCfg = Debug|Any CPU
		{11BEA917-D9CB-4C19-9AC3-7D7E21CC03CD}.Debug|Any CPU.Build.0 = Debug|Any CPU
		{11BEA917-D9CB-4C19-9AC3-7D7E21CC03CD}.Release|Any CPU.ActiveCfg = Release|Any CPU
		{11BEA917-D9CB-4C19-9AC3-7D7E21CC03CD}.Release|Any CPU.Build.0 = Release|Any CPU
	EndGlobalSection
	GlobalSection(SolutionProperties) = preSolution
		HideSolutionNode = FALSE
	EndGlobalSection
	GlobalSection(ExtensibilityGlobals) = postSolution
		SolutionGuid = {CB32A7CA-77CC-40C0-A328-0E3250DAC9A0}
	EndGlobalSection
EndGlobal
